<?xml version="1.0" encoding="utf-8"?>
<Project ToolsVersion="4.0" xmlns="http://schemas.microsoft.com/developer/msbuild/2003">
  <ItemGroup>
    <Filter Include="리소스 파일">
      <UniqueIdentifier>{67DA6AB6-F800-4c08-8B7A-83BB121AAD01}</UniqueIdentifier>
      <Extensions>rc;ico;cur;bmp;dlg;rc2;rct;bin;rgs;gif;jpg;jpeg;jpe;resx;tiff;tif;png;wav;mfcribbon-ms</Extensions>
    </Filter>
    <Filter Include="dinocore">
      <UniqueIdentifier>{b7b86a1d-7597-4e22-9abe-d07960aacef2}</UniqueIdentifier>
    </Filter>
    <Filter Include="dinods">
      <UniqueIdentifier>{26b5f91a-1515-4826-b163-cfe48d2958e5}</UniqueIdentifier>
    </Filter>
    <Filter Include="dinomm">
      <UniqueIdentifier>{189606e4-7a42-4797-a256-e09f32a21b72}</UniqueIdentifier>
    </Filter>
    <Filter Include="dinoproc">
      <UniqueIdentifier>{aed59a7d-e4a9-4c36-9f10-d3efb170284c}</UniqueIdentifier>
    </Filter>
    <Filter Include="dinocore\common">
      <UniqueIdentifier>{be205613-47c1-4501-b906-5bff9ec9dff9}</UniqueIdentifier>
    </Filter>
  </ItemGroup>
  <ItemGroup>
    <ClInclude Include="..\..\source\dinocvlib.h" />
    <ClInclude Include="..\..\source\common\def_os_selector_export.h">
      <Filter>dinocore\common</Filter>
    </ClInclude>
    <ClInclude Include="..\..\source\common\def_os_selector_header.h">
      <Filter>dinocore\common</Filter>
    </ClInclude>
    <ClInclude Include="..\..\source\dinocore\bmpanal.h">
      <Filter>dinocore</Filter>
    </ClInclude>
    <ClInclude Include="..\..\source\dinocore\imageio.h">
      <Filter>dinocore</Filter>
    </ClInclude>
    <ClInclude Include="..\..\source\dinocore\imgconv.h">
      <Filter>dinocore</Filter>
    </ClInclude>
    <ClInclude Include="..\..\source\dinocore\imgcore.h">
      <Filter>dinocore</Filter>
    </ClInclude>
    <ClInclude Include="..\..\source\dinocore\imgdraw.h">
      <Filter>dinocore</Filter>
    </ClInclude>
    <ClInclude Include="..\..\source\dinocore\ppmanal.h">
      <Filter>dinocore</Filter>
    </ClInclude>
    <ClInclude Include="..\..\source\dinods\ds_sort.h">
      <Filter>dinods</Filter>
    </ClInclude>
    <ClInclude Include="..\..\source\dinods\linkedlist.h">
      <Filter>dinods</Filter>
    </ClInclude>
    <ClInclude Include="..\..\source\dinods\queue.h">
      <Filter>dinods</Filter>
    </ClInclude>
    <ClInclude Include="..\..\source\dinomm\memmgr.h">
      <Filter>dinomm</Filter>
    </ClInclude>
    <ClInclude Include="..\..\source\dinoproc\binarization.h">
      <Filter>dinoproc</Filter>
    </ClInclude>
    <ClInclude Include="..\..\source\dinoproc\cannyedge.h">
      <Filter>dinoproc</Filter>
    </ClInclude>
    <ClInclude Include="..\..\source\dinoproc\chaincode.h">
      <Filter>dinoproc</Filter>
    </ClInclude>
    <ClInclude Include="..\..\source\dinoproc\convexhull.h">
      <Filter>dinoproc</Filter>
    </ClInclude>
    <ClInclude Include="..\..\source\dinoproc\dp.h">
      <Filter>dinoproc</Filter>
    </ClInclude>
    <ClInclude Include="..\..\source\dinoproc\feature.h">
      <Filter>dinoproc</Filter>
    </ClInclude>
    <ClInclude Include="..\..\source\dinoproc\filter.h">
      <Filter>dinoproc</Filter>
    </ClInclude>
    <ClInclude Include="..\..\source\dinoproc\histogram.h">
      <Filter>dinoproc</Filter>
    </ClInclude>
    <ClInclude Include="..\..\source\dinoproc\labeling.h">
      <Filter>dinoproc</Filter>
    </ClInclude>
    <ClInclude Include="..\..\source\dinoproc\morphology.h">
      <Filter>dinoproc</Filter>
    </ClInclude>
    <ClInclude Include="..\..\source\dinoproc\resize.h">
      <Filter>dinoproc</Filter>
    </ClInclude>
    <ClInclude Include="..\..\source\dinoproc\thinning.h">
      <Filter>dinoproc</Filter>
    </ClInclude>
    <ClInclude Include="..\..\source\dinocore\yuv422anal.h">
      <Filter>dinocore</Filter>
    </ClInclude>
  </ItemGroup>
  <ItemGroup>
    <ClCompile Include="..\..\source\dinocore\bmpanal.cpp">
      <Filter>dinocore</Filter>
    </ClCompile>
    <ClCompile Include="..\..\source\dinocore\imageio.cpp">
      <Filter>dinocore</Filter>
    </ClCompile>
    <ClCompile Include="..\..\source\dinocore\imgconv.cpp">
      <Filter>dinocore</Filter>
    </ClCompile>
    <ClCompile Include="..\..\source\dinocore\imgcore.cpp">
      <Filter>dinocore</Filter>
    </ClCompile>
    <ClCompile Include="..\..\source\dinocore\imgdraw.cpp">
      <Filter>dinocore</Filter>
    </ClCompile>
    <ClCompile Include="..\..\source\dinocore\ppmanal.cpp">
      <Filter>dinocore</Filter>
    </ClCompile>
    <ClCompile Include="..\..\source\dinods\ds_sort.cpp">
      <Filter>dinods</Filter>
    </ClCompile>
    <ClCompile Include="..\..\source\dinods\linkedlist.cpp">
      <Filter>dinods</Filter>
    </ClCompile>
    <ClCompile Include="..\..\source\dinods\queue.cpp">
      <Filter>dinods</Filter>
    </ClCompile>
    <ClCompile Include="..\..\source\dinomm\memmgr.cpp">
      <Filter>dinomm</Filter>
    </ClCompile>
    <ClCompile Include="..\..\source\dinoproc\binarization.cpp">
      <Filter>dinoproc</Filter>
    </ClCompile>
    <ClCompile Include="..\..\source\dinoproc\cannyedge.cpp">
      <Filter>dinoproc</Filter>
    </ClCompile>
    <ClCompile Include="..\..\source\dinoproc\chaincode.cpp">
      <Filter>dinoproc</Filter>
    </ClCompile>
    <ClCompile Include="..\..\source\dinoproc\convexhull.cpp">
      <Filter>dinoproc</Filter>
    </ClCompile>
    <ClCompile Include="..\..\source\dinoproc\dp.cpp">
      <Filter>dinoproc</Filter>
    </ClCompile>
    <ClCompile Include="..\..\source\dinoproc\feature.cpp">
      <Filter>dinoproc</Filter>
    </ClCompile>
    <ClCompile Include="..\..\source\dinoproc\filter.cpp">
      <Filter>dinoproc</Filter>
    </ClCompile>
    <ClCompile Include="..\..\source\dinoproc\histogram.cpp">
      <Filter>dinoproc</Filter>
    </ClCompile>
    <ClCompile Include="..\..\source\dinoproc\labeling.cpp">
      <Filter>dinoproc</Filter>
    </ClCompile>
    <ClCompile Include="..\..\source\dinoproc\morphology.cpp">
      <Filter>dinoproc</Filter>
    </ClCompile>
    <ClCompile Include="..\..\source\dinoproc\resize.cpp">
      <Filter>dinoproc</Filter>
    </ClCompile>
    <ClCompile Include="..\..\source\dinoproc\thinning.cpp">
      <Filter>dinoproc</Filter>
    </ClCompile>
    <ClCompile Include="..\..\source\dinocore\yuv422anal.cpp">
      <Filter>dinocore</Filter>
    </ClCompile>
  </ItemGroup>
</Project>